{
  "name": "stripo.email",
  "version": "0.0.3",
  "lockfileVersion": 1,
  "requires": true,
  "dependencies": {
    "from-cdn": {
      "version": "1.0.1",
      "resolved": "https://registry.npmjs.org/from-cdn/-/from-cdn-1.0.1.tgz",
      "integrity": "sha512-D1zc8sdfR7bRawGaYRNZduRR/fTjB15X0OCulJOKp7PqhgHUkGeTsmNbvIONCq0sMEV2BMkv6vjDY92oslAfRA=="
    }
  }
}
